
Microsoft Visual Studio Solution File, Format Version 12.00
# Visual Studio Version 17
VisualStudioVersion = 17.8.34511.84
MinimumVisualStudioVersion = 10.0.40219.1
Project("{2150E333-8FDC-42A3-9474-1A3956D46DE8}") = "src", "src", "{2EE5C04B-8055-415B-B2C7-166EBF5A4ABB}"
EndProject
Project("{2150E333-8FDC-42A3-9474-1A3956D46DE8}") = "test", "test", "{F77C662D-AE7E-4CE1-93E2-A016AC0C60D3}"
EndProject
Project("{FAE04EC0-301F-11D3-BF4B-00C04F79EFBC}") = "Fireball.FunctionApp", "src\Fireball.FunctionApp\Fireball.FunctionApp.csproj", "{B5032928-AAFF-49B0-81A0-1816CC5E53F5}"
EndProject
Global
	GlobalSection(SolutionConfigurationPlatforms) = preSolution
		Debug|Any CPU = Debug|Any CPU
		Release|Any CPU = Release|Any CPU
	EndGlobalSection
	GlobalSection(ProjectConfigurationPlatforms) = postSolution
		{B5032928-AAFF-49B0-81A0-1816CC5E53F5}.Debug|Any CPU.ActiveCfg = Debug|Any CPU
		{B5032928-AAFF-49B0-81A0-1816CC5E53F5}.Debug|Any CPU.Build.0 = Debug|Any CPU
		{B5032928-AAFF-49B0-81A0-1816CC5E53F5}.Release|Any CPU.ActiveCfg = Release|Any CPU
		{B5032928-AAFF-49B0-81A0-1816CC5E53F5}.Release|Any CPU.Build.0 = Release|Any CPU
	EndGlobalSection
	GlobalSection(SolutionProperties) = preSolution
		HideSolutionNode = FALSE
	EndGlobalSection
	GlobalSection(NestedProjects) = preSolution
		{B5032928-AAFF-49B0-81A0-1816CC5E53F5} = {2EE5C04B-8055-415B-B2C7-166EBF5A4ABB}
	EndGlobalSection
	GlobalSection(ExtensibilityGlobals) = postSolution
		SolutionGuid = {147DA676-A38A-4567-8C94-B79E908C4DA3}
	EndGlobalSection
EndGlobal
