
Microsoft Visual Studio Solution File, Format Version 12.00
# Visual Studio Version 17
VisualStudioVersion = 17.8.34511.84
MinimumVisualStudioVersion = 10.0.40219.1
Project("{2150E333-8FDC-42A3-9474-1A3956D46DE8}") = "src", "src", "{2EE5C04B-8055-415B-B2C7-166EBF5A4ABB}"
EndProject
Project("{2150E333-8FDC-42A3-9474-1A3956D46DE8}") = "test", "test", "{F77C662D-AE7E-4CE1-93E2-A016AC0C60D3}"
EndProject
Project("{9A19103F-16F7-4668-BE54-9A1E7A4F7556}") = "Fireball.Client", "src\Fireball.Client\Fireball.Client.csproj", "{8D901696-167E-4467-B35F-C33BD11EA58D}"
EndProject
Project("{9A19103F-16F7-4668-BE54-9A1E7A4F7556}") = "Fireball.Common", "src\Fireball.Common\Fireball.Common.csproj", "{D3A9B25C-DA9F-4ECF-A67B-AE828F509DF6}"
EndProject
Project("{2150E333-8FDC-42A3-9474-1A3956D46DE8}") = "example", "example", "{A5B57FE9-17E0-408C-BA9E-9B170BF82A9D}"
EndProject
Project("{FAE04EC0-301F-11D3-BF4B-00C04F79EFBC}") = "Fireball.Client.Example", "example\Fireball.Client.Example\Fireball.Client.Example.csproj", "{FE93C252-C68A-4598-9BF7-1580F466A72C}"
EndProject
Project("{FAE04EC0-301F-11D3-BF4B-00C04F79EFBC}") = "Fireball.FunctionApp", "src\Fireball.FunctionApp\Fireball.FunctionApp.csproj", "{1548D757-E65F-485B-AC2F-F7918EE67D90}"
EndProject
Global
	GlobalSection(SolutionConfigurationPlatforms) = preSolution
		Debug|Any CPU = Debug|Any CPU
		Release|Any CPU = Release|Any CPU
	EndGlobalSection
	GlobalSection(ProjectConfigurationPlatforms) = postSolution
		{8D901696-167E-4467-B35F-C33BD11EA58D}.Debug|Any CPU.ActiveCfg = Debug|Any CPU
		{8D901696-167E-4467-B35F-C33BD11EA58D}.Debug|Any CPU.Build.0 = Debug|Any CPU
		{8D901696-167E-4467-B35F-C33BD11EA58D}.Release|Any CPU.ActiveCfg = Release|Any CPU
		{8D901696-167E-4467-B35F-C33BD11EA58D}.Release|Any CPU.Build.0 = Release|Any CPU
		{D3A9B25C-DA9F-4ECF-A67B-AE828F509DF6}.Debug|Any CPU.ActiveCfg = Debug|Any CPU
		{D3A9B25C-DA9F-4ECF-A67B-AE828F509DF6}.Debug|Any CPU.Build.0 = Debug|Any CPU
		{D3A9B25C-DA9F-4ECF-A67B-AE828F509DF6}.Release|Any CPU.ActiveCfg = Release|Any CPU
		{D3A9B25C-DA9F-4ECF-A67B-AE828F509DF6}.Release|Any CPU.Build.0 = Release|Any CPU
		{FE93C252-C68A-4598-9BF7-1580F466A72C}.Debug|Any CPU.ActiveCfg = Debug|Any CPU
		{FE93C252-C68A-4598-9BF7-1580F466A72C}.Debug|Any CPU.Build.0 = Debug|Any CPU
		{FE93C252-C68A-4598-9BF7-1580F466A72C}.Release|Any CPU.ActiveCfg = Release|Any CPU
		{FE93C252-C68A-4598-9BF7-1580F466A72C}.Release|Any CPU.Build.0 = Release|Any CPU
		{1548D757-E65F-485B-AC2F-F7918EE67D90}.Debug|Any CPU.ActiveCfg = Debug|Any CPU
		{1548D757-E65F-485B-AC2F-F7918EE67D90}.Debug|Any CPU.Build.0 = Debug|Any CPU
		{1548D757-E65F-485B-AC2F-F7918EE67D90}.Release|Any CPU.ActiveCfg = Release|Any CPU
		{1548D757-E65F-485B-AC2F-F7918EE67D90}.Release|Any CPU.Build.0 = Release|Any CPU
	EndGlobalSection
	GlobalSection(SolutionProperties) = preSolution
		HideSolutionNode = FALSE
	EndGlobalSection
	GlobalSection(NestedProjects) = preSolution
		{8D901696-167E-4467-B35F-C33BD11EA58D} = {2EE5C04B-8055-415B-B2C7-166EBF5A4ABB}
		{D3A9B25C-DA9F-4ECF-A67B-AE828F509DF6} = {2EE5C04B-8055-415B-B2C7-166EBF5A4ABB}
		{FE93C252-C68A-4598-9BF7-1580F466A72C} = {A5B57FE9-17E0-408C-BA9E-9B170BF82A9D}
		{1548D757-E65F-485B-AC2F-F7918EE67D90} = {2EE5C04B-8055-415B-B2C7-166EBF5A4ABB}
	EndGlobalSection
	GlobalSection(ExtensibilityGlobals) = postSolution
		SolutionGuid = {147DA676-A38A-4567-8C94-B79E908C4DA3}
	EndGlobalSection
EndGlobal
